
Microsoft Visual Studio Solution File, Format Version 12.00
# Visual Studio Version 17
VisualStudioVersion = 17.11.35222.181
MinimumVisualStudioVersion = 10.0.40219.1
Project("{FAE04EC0-301F-11D3-BF4B-00C04F79EFBC}") = "lab7", "lab7\lab7.csproj", "{45991010-92C5-4C2F-A892-E8F62A083E93}"
EndProject
Global
	GlobalSection(SolutionConfigurationPlatforms) = preSolution
		Debug|Any CPU = Debug|Any CPU
		Release|Any CPU = Release|Any CPU
	EndGlobalSection
	GlobalSection(ProjectConfigurationPlatforms) = postSolution
		{45991010-92C5-4C2F-A892-E8F62A083E93}.Debug|Any CPU.ActiveCfg = Debug|Any CPU
		{45991010-92C5-4C2F-A892-E8F62A083E93}.Debug|Any CPU.Build.0 = Debug|Any CPU
		{45991010-92C5-4C2F-A892-E8F62A083E93}.Release|Any CPU.ActiveCfg = Release|Any CPU
		{45991010-92C5-4C2F-A892-E8F62A083E93}.Release|Any CPU.Build.0 = Release|Any CPU
	EndGlobalSection
	GlobalSection(SolutionProperties) = preSolution
		HideSolutionNode = FALSE
	EndGlobalSection
	GlobalSection(ExtensibilityGlobals) = postSolution
		SolutionGuid = {AB6A23D8-69B0-4E2F-9895-8B53D2DB6948}
	EndGlobalSection
EndGlobal
